// !$*UTF8*$!
{
	archiveVersion = 1;
	classes = {
	};
	objectVersion = 55;
	objects = {

/* Begin PBXBuildFile section */
		C423626E28C249AC00890576 /* Tests_iOS.swift in Sources */ = {isa = PBXBuildFile; fileRef = C423626D28C249AC00890576 /* Tests_iOS.swift */; };
		C423627028C249AC00890576 /* Tests_iOSLaunchTests.swift in Sources */ = {isa = PBXBuildFile; fileRef = C423626F28C249AC00890576 /* Tests_iOSLaunchTests.swift */; };
		C423627A28C249AC00890576 /* Tests_macOS.swift in Sources */ = {isa = PBXBuildFile; fileRef = C423627928C249AC00890576 /* Tests_macOS.swift */; };
		C423627C28C249AC00890576 /* Tests_macOSLaunchTests.swift in Sources */ = {isa = PBXBuildFile; fileRef = C423627B28C249AC00890576 /* Tests_macOSLaunchTests.swift */; };
		C423627D28C249AC00890576 /* MP_APPApp.swift in Sources */ = {isa = PBXBuildFile; fileRef = C423625528C249A300890576 /* MP_APPApp.swift */; };
		C423627E28C249AC00890576 /* MP_APPApp.swift in Sources */ = {isa = PBXBuildFile; fileRef = C423625528C249A300890576 /* MP_APPApp.swift */; };
		C423627F28C249AC00890576 /* ContentView.swift in Sources */ = {isa = PBXBuildFile; fileRef = C423625628C249A300890576 /* ContentView.swift */; };
		C423628028C249AC00890576 /* ContentView.swift in Sources */ = {isa = PBXBuildFile; fileRef = C423625628C249A300890576 /* ContentView.swift */; };
		C423628128C249AC00890576 /* Assets.xcassets in Resources */ = {isa = PBXBuildFile; fileRef = C423625728C249AC00890576 /* Assets.xcassets */; };
		C423628228C249AC00890576 /* Assets.xcassets in Resources */ = {isa = PBXBuildFile; fileRef = C423625728C249AC00890576 /* Assets.xcassets */; };
/* End PBXBuildFile section */

/* Begin PBXContainerItemProxy section */
		C423626A28C249AC00890576 /* PBXContainerItemProxy */ = {
			isa = PBXContainerItemProxy;
			containerPortal = C423625028C249A300890576 /* Project object */;
			proxyType = 1;
			remoteGlobalIDString = C423625B28C249AC00890576;
			remoteInfo = "MP_APP (iOS)";
		};
		C423627628C249AC00890576 /* PBXContainerItemProxy */ = {
			isa = PBXContainerItemProxy;
			containerPortal = C423625028C249A300890576 /* Project object */;
			proxyType = 1;
			remoteGlobalIDString = C423626128C249AC00890576;
			remoteInfo = "MP_APP (macOS)";
		};
/* End PBXContainerItemProxy section */

/* Begin PBXFileReference section */
		C423625528C249A300890576 /* MP_APPApp.swift */ = {isa = PBXFileReference; lastKnownFileType = sourcecode.swift; path = MP_APPApp.swift; sourceTree = "<group>"; };
		C423625628C249A300890576 /* ContentView.swift */ = {isa = PBXFileReference; lastKnownFileType = sourcecode.swift; path = ContentView.swift; sourceTree = "<group>"; };
		C423625728C249AC00890576 /* Assets.xcassets */ = {isa = PBXFileReference; lastKnownFileType = folder.assetcatalog; path = Assets.xcassets; sourceTree = "<group>"; };
		C423625C28C249AC00890576 /* MP_APP.app */ = {isa = PBXFileReference; explicitFileType = wrapper.application; includeInIndex = 0; path = MP_APP.app; sourceTree = BUILT_PRODUCTS_DIR; };
		C423626228C249AC00890576 /* MP_APP.app */ = {isa = PBXFileReference; explicitFileType = wrapper.application; includeInIndex = 0; path = MP_APP.app; sourceTree = BUILT_PRODUCTS_DIR; };
		C423626428C249AC00890576 /* macOS.entitlements */ = {isa = PBXFileReference; lastKnownFileType = text.plist.entitlements; path = macOS.entitlements; sourceTree = "<group>"; };
		C423626928C249AC00890576 /* Tests iOS.xctest */ = {isa = PBXFileReference; explicitFileType = wrapper.cfbundle; includeInIndex = 0; path = "Tests iOS.xctest"; sourceTree = BUILT_PRODUCTS_DIR; };
		C423626D28C249AC00890576 /* Tests_iOS.swift */ = {isa = PBXFileReference; lastKnownFileType = sourcecode.swift; path = Tests_iOS.swift; sourceTree = "<group>"; };
		C423626F28C249AC00890576 /* Tests_iOSLaunchTests.swift */ = {isa = PBXFileReference; lastKnownFileType = sourcecode.swift; path = Tests_iOSLaunchTests.swift; sourceTree = "<group>"; };
		C423627528C249AC00890576 /* Tests macOS.xctest */ = {isa = PBXFileReference; explicitFileType = wrapper.cfbundle; includeInIndex = 0; path = "Tests macOS.xctest"; sourceTree = BUILT_PRODUCTS_DIR; };
		C423627928C249AC00890576 /* Tests_macOS.swift */ = {isa = PBXFileReference; lastKnownFileType = sourcecode.swift; path = Tests_macOS.swift; sourceTree = "<group>"; };
		C423627B28C249AC00890576 /* Tests_macOSLaunchTests.swift */ = {isa = PBXFileReference; lastKnownFileType = sourcecode.swift; path = Tests_macOSLaunchTests.swift; sourceTree = "<group>"; };
/* End PBXFileReference section */

/* Begin PBXFrameworksBuildPhase section */
		C423625928C249AC00890576 /* Frameworks */ = {
			isa = PBXFrameworksBuildPhase;
			buildActionMask = 2147483647;
			files = (
			);
			runOnlyForDeploymentPostprocessing = 0;
		};
		C423625F28C249AC00890576 /* Frameworks */ = {
			isa = PBXFrameworksBuildPhase;
			buildActionMask = 2147483647;
			files = (
			);
			runOnlyForDeploymentPostprocessing = 0;
		};
		C423626628C249AC00890576 /* Frameworks */ = {
			isa = PBXFrameworksBuildPhase;
			buildActionMask = 2147483647;
			files = (
			);
			runOnlyForDeploymentPostprocessing = 0;
		};
		C423627228C249AC00890576 /* Frameworks */ = {
			isa = PBXFrameworksBuildPhase;
			buildActionMask = 2147483647;
			files = (
			);
			runOnlyForDeploymentPostprocessing = 0;
		};
/* End PBXFrameworksBuildPhase section */

/* Begin PBXGroup section */
		C423624F28C249A300890576 = {
			isa = PBXGroup;
			children = (
				C423625428C249A300890576 /* Shared */,
				C423626328C249AC00890576 /* macOS */,
				C423626C28C249AC00890576 /* Tests iOS */,
				C423627828C249AC00890576 /* Tests macOS */,
				C423625D28C249AC00890576 /* Products */,
			);
			sourceTree = "<group>";
		};
		C423625428C249A300890576 /* Shared */ = {
			isa = PBXGroup;
			children = (
				C423625528C249A300890576 /* MP_APPApp.swift */,
				C423625628C249A300890576 /* ContentView.swift */,
				C423625728C249AC00890576 /* Assets.xcassets */,
			);
			path = Shared;
			sourceTree = "<group>";
		};
		C423625D28C249AC00890576 /* Products */ = {
			isa = PBXGroup;
			children = (
				C423625C28C249AC00890576 /* MP_APP.app */,
				C423626228C249AC00890576 /* MP_APP.app */,
				C423626928C249AC00890576 /* Tests iOS.xctest */,
				C423627528C249AC00890576 /* Tests macOS.xctest */,
			);
			name = Products;
			sourceTree = "<group>";
		};
		C423626328C249AC00890576 /* macOS */ = {
			isa = PBXGroup;
			children = (
				C423626428C249AC00890576 /* macOS.entitlements */,
			);
			path = macOS;
			sourceTree = "<group>";
		};
		C423626C28C249AC00890576 /* Tests iOS */ = {
			isa = PBXGroup;
			children = (
				C423626D28C249AC00890576 /* Tests_iOS.swift */,
				C423626F28C249AC00890576 /* Tests_iOSLaunchTests.swift */,
			);
			path = "Tests iOS";
			sourceTree = "<group>";
		};
		C423627828C249AC00890576 /* Tests macOS */ = {
			isa = PBXGroup;
			children = (
				C423627928C249AC00890576 /* Tests_macOS.swift */,
				C423627B28C249AC00890576 /* Tests_macOSLaunchTests.swift */,
			);
			path = "Tests macOS";
			sourceTree = "<group>";
		};
/* End PBXGroup section */

/* Begin PBXNativeTarget section */
		C423625B28C249AC00890576 /* MP_APP (iOS) */ = {
			isa = PBXNativeTarget;
			buildConfigurationList = C423628528C249AC00890576 /* Build configuration list for PBXNativeTarget "MP_APP (iOS)" */;
			buildPhases = (
				C423625828C249AC00890576 /* Sources */,
				C423625928C249AC00890576 /* Frameworks */,
				C423625A28C249AC00890576 /* Resources */,
			);
			buildRules = (
			);
			dependencies = (
			);
			name = "MP_APP (iOS)";
			productName = "MP_APP (iOS)";
			productReference = C423625C28C249AC00890576 /* MP_APP.app */;
			productType = "com.apple.product-type.application";
		};
		C423626128C249AC00890576 /* MP_APP (macOS) */ = {
			isa = PBXNativeTarget;
			buildConfigurationList = C423628828C249AC00890576 /* Build configuration list for PBXNativeTarget "MP_APP (macOS)" */;
			buildPhases = (
				C423625E28C249AC00890576 /* Sources */,
				C423625F28C249AC00890576 /* Frameworks */,
				C423626028C249AC00890576 /* Resources */,
			);
			buildRules = (
			);
			dependencies = (
			);
			name = "MP_APP (macOS)";
			productName = "MP_APP (macOS)";
			productReference = C423626228C249AC00890576 /* MP_APP.app */;
			productType = "com.apple.product-type.application";
		};
		C423626828C249AC00890576 /* Tests iOS */ = {
			isa = PBXNativeTarget;
			buildConfigurationList = C423628B28C249AC00890576 /* Build configuration list for PBXNativeTarget "Tests iOS" */;
			buildPhases = (
				C423626528C249AC00890576 /* Sources */,
				C423626628C249AC00890576 /* Frameworks */,
				C423626728C249AC00890576 /* Resources */,
			);
			buildRules = (
			);
			dependencies = (
				C423626B28C249AC00890576 /* PBXTargetDependency */,
			);
			name = "Tests iOS";
			productName = "Tests iOS";
			productReference = C423626928C249AC00890576 /* Tests iOS.xctest */;
			productType = "com.apple.product-type.bundle.ui-testing";
		};
		C423627428C249AC00890576 /* Tests macOS */ = {
			isa = PBXNativeTarget;
			buildConfigurationList = C423628E28C249AC00890576 /* Build configuration list for PBXNativeTarget "Tests macOS" */;
			buildPhases = (
				C423627128C249AC00890576 /* Sources */,
				C423627228C249AC00890576 /* Frameworks */,
				C423627328C249AC00890576 /* Resources */,
			);
			buildRules = (
			);
			dependencies = (
				C423627728C249AC00890576 /* PBXTargetDependency */,
			);
			name = "Tests macOS";
			productName = "Tests macOS";
			productReference = C423627528C249AC00890576 /* Tests macOS.xctest */;
			productType = "com.apple.product-type.bundle.ui-testing";
		};
/* End PBXNativeTarget section */

/* Begin PBXProject section */
		C423625028C249A300890576 /* Project object */ = {
			isa = PBXProject;
			attributes = {
				BuildIndependentTargetsInParallel = 1;
				LastSwiftUpdateCheck = 1340;
				LastUpgradeCheck = 1340;
				TargetAttributes = {
					C423625B28C249AC00890576 = {
						CreatedOnToolsVersion = 13.4.1;
					};
					C423626128C249AC00890576 = {
						CreatedOnToolsVersion = 13.4.1;
					};
					C423626828C249AC00890576 = {
						CreatedOnToolsVersion = 13.4.1;
						TestTargetID = C423625B28C249AC00890576;
					};
					C423627428C249AC00890576 = {
						CreatedOnToolsVersion = 13.4.1;
						TestTargetID = C423626128C249AC00890576;
					};
				};
			};
			buildConfigurationList = C423625328C249A300890576 /* Build configuration list for PBXProject "MP_APP" */;
			compatibilityVersion = "Xcode 13.0";
			developmentRegion = en;
			hasScannedForEncodings = 0;
			knownRegions = (
				en,
				Base,
			);
			mainGroup = C423624F28C249A300890576;
			productRefGroup = C423625D28C249AC00890576 /* Products */;
			projectDirPath = "";
			projectRoot = "";
			targets = (
				C423625B28C249AC00890576 /* MP_APP (iOS) */,
				C423626128C249AC00890576 /* MP_APP (macOS) */,
				C423626828C249AC00890576 /* Tests iOS */,
				C423627428C249AC00890576 /* Tests macOS */,
			);
		};
/* End PBXProject section */

/* Begin PBXResourcesBuildPhase section */
		C423625A28C249AC00890576 /* Resources */ = {
			isa = PBXResourcesBuildPhase;
			buildActionMask = 2147483647;
			files = (
				C423628128C249AC00890576 /* Assets.xcassets in Resources */,
			);
			runOnlyForDeploymentPostprocessing = 0;
		};
		C423626028C249AC00890576 /* Resources */ = {
			isa = PBXResourcesBuildPhase;
			buildActionMask = 2147483647;
			files = (
				C423628228C249AC00890576 /* Assets.xcassets in Resources */,
			);
			runOnlyForDeploymentPostprocessing = 0;
		};
		C423626728C249AC00890576 /* Resources */ = {
			isa = PBXResourcesBuildPhase;
			buildActionMask = 2147483647;
			files = (
			);
			runOnlyForDeploymentPostprocessing = 0;
		};
		C423627328C249AC00890576 /* Resources */ = {
			isa = PBXResourcesBuildPhase;
			buildActionMask = 2147483647;
			files = (
			);
			runOnlyForDeploymentPostprocessing = 0;
		};
/* End PBXResourcesBuildPhase section */

/* Begin PBXSourcesBuildPhase section */
		C423625828C249AC00890576 /* Sources */ = {
			isa = PBXSourcesBuildPhase;
			buildActionMask = 2147483647;
			files = (
				C423627F28C249AC00890576 /* ContentView.swift in Sources */,
				C423627D28C249AC00890576 /* MP_APPApp.swift in Sources */,
			);
			runOnlyForDeploymentPostprocessing = 0;
		};
		C423625E28C249AC00890576 /* Sources */ = {
			isa = PBXSourcesBuildPhase;
			buildActionMask = 2147483647;
			files = (
				C423628028C249AC00890576 /* ContentView.swift in Sources */,
				C423627E28C249AC00890576 /* MP_APPApp.swift in Sources */,
			);
			runOnlyForDeploymentPostprocessing = 0;
		};
		C423626528C249AC00890576 /* Sources */ = {
			isa = PBXSourcesBuildPhase;
			buildActionMask = 2147483647;
			files = (
				C423627028C249AC00890576 /* Tests_iOSLaunchTests.swift in Sources */,
				C423626E28C249AC00890576 /* Tests_iOS.swift in Sources */,
			);
			runOnlyForDeploymentPostprocessing = 0;
		};
		C423627128C249AC00890576 /* Sources */ = {
			isa = PBXSourcesBuildPhase;
			buildActionMask = 2147483647;
			files = (
				C423627C28C249AC00890576 /* Tests_macOSLaunchTests.swift in Sources */,
				C423627A28C249AC00890576 /* Tests_macOS.swift in Sources */,
			);
			runOnlyForDeploymentPostprocessing = 0;
		};
/* End PBXSourcesBuildPhase section */

/* Begin PBXTargetDependency section */
		C423626B28C249AC00890576 /* PBXTargetDependency */ = {
			isa = PBXTargetDependency;
			target = C423625B28C249AC00890576 /* MP_APP (iOS) */;
			targetProxy = C423626A28C249AC00890576 /* PBXContainerItemProxy */;
		};
		C423627728C249AC00890576 /* PBXTargetDependency */ = {
			isa = PBXTargetDependency;
			target = C423626128C249AC00890576 /* MP_APP (macOS) */;
			targetProxy = C423627628C249AC00890576 /* PBXContainerItemProxy */;
		};
/* End PBXTargetDependency section */

/* Begin XCBuildConfiguration section */
		C423628328C249AC00890576 /* Debug */ = {
			isa = XCBuildConfiguration;
			buildSettings = {
				ALWAYS_SEARCH_USER_PATHS = NO;
				CLANG_ANALYZER_NONNULL = YES;
				CLANG_ANALYZER_NUMBER_OBJECT_CONVERSION = YES_AGGRESSIVE;
				CLANG_CXX_LANGUAGE_STANDARD = "gnu++17";
				CLANG_ENABLE_MODULES = YES;
				CLANG_ENABLE_OBJC_ARC = YES;
				CLANG_ENABLE_OBJC_WEAK = YES;
				CLANG_WARN_BLOCK_CAPTURE_AUTORELEASING = YES;
				CLANG_WARN_BOOL_CONVERSION = YES;
				CLANG_WARN_COMMA = YES;
				CLANG_WARN_CONSTANT_CONVERSION = YES;
				CLANG_WARN_DEPRECATED_OBJC_IMPLEMENTATIONS = YES;
				CLANG_WARN_DIRECT_OBJC_ISA_USAGE = YES_ERROR;
				CLANG_WARN_DOCUMENTATION_COMMENTS = YES;
				CLANG_WARN_EMPTY_BODY = YES;
				CLANG_WARN_ENUM_CONVERSION = YES;
				CLANG_WARN_INFINITE_RECURSION = YES;
				CLANG_WARN_INT_CONVERSION = YES;
				CLANG_WARN_NON_LITERAL_NULL_CONVERSION = YES;
				CLANG_WARN_OBJC_IMPLICIT_RETAIN_SELF = YES;
				CLANG_WARN_OBJC_LITERAL_CONVERSION = YES;
				CLANG_WARN_OBJC_ROOT_CLASS = YES_ERROR;
				CLANG_WARN_QUOTED_INCLUDE_IN_FRAMEWORK_HEADER = YES;
				CLANG_WARN_RANGE_LOOP_ANALYSIS = YES;
				CLANG_WARN_STRICT_PROTOTYPES = YES;
				CLANG_WARN_SUSPICIOUS_MOVE = YES;
				CLANG_WARN_UNGUARDED_AVAILABILITY = YES_AGGRESSIVE;
				CLANG_WARN_UNREACHABLE_CODE = YES;
				CLANG_WARN__DUPLICATE_METHOD_MATCH = YES;
				COPY_PHASE_STRIP = NO;
				DEBUG_INFORMATION_FORMAT = dwarf;
				ENABLE_STRICT_OBJC_MSGSEND = YES;
				ENABLE_TESTABILITY = YES;
				GCC_C_LANGUAGE_STANDARD = gnu11;
				GCC_DYNAMIC_NO_PIC = NO;
				GCC_NO_COMMON_BLOCKS = YES;
				GCC_OPTIMIZATION_LEVEL = 0;
				GCC_PREPROCESSOR_DEFINITIONS = (
					"DEBUG=1",
					"$(inherited)",
				);
				GCC_WARN_64_TO_32_BIT_CONVERSION = YES;
				GCC_WARN_ABOUT_RETURN_TYPE = YES_ERROR;
				GCC_WARN_UNDECLARED_SELECTOR = YES;
				GCC_WARN_UNINITIALIZED_AUTOS = YES_AGGRESSIVE;
				GCC_WARN_UNUSED_FUNCTION = YES;
				GCC_WARN_UNUSED_VARIABLE = YES;
				MTL_ENABLE_DEBUG_INFO = INCLUDE_SOURCE;
				MTL_FAST_MATH = YES;
				ONLY_ACTIVE_ARCH = YES;
				SWIFT_ACTIVE_COMPILATION_CONDITIONS = DEBUG;
				SWIFT_OPTIMIZATION_LEVEL = "-Onone";
			};
			name = Debug;
		};
		C423628428C249AC00890576 /* Release */ = {
			isa = XCBuildConfiguration;
			buildSettings = {
				ALWAYS_SEARCH_USER_PATHS = NO;
				CLANG_ANALYZER_NONNULL = YES;
				CLANG_ANALYZER_NUMBER_OBJECT_CONVERSION = YES_AGGRESSIVE;
				CLANG_CXX_LANGUAGE_STANDARD = "gnu++17";
				CLANG_ENABLE_MODULES = YES;
				CLANG_ENABLE_OBJC_ARC = YES;
				CLANG_ENABLE_OBJC_WEAK = YES;
				CLANG_WARN_BLOCK_CAPTURE_AUTORELEASING = YES;
				CLANG_WARN_BOOL_CONVERSION = YES;
				CLANG_WARN_COMMA = YES;
				CLANG_WARN_CONSTANT_CONVERSION = YES;
				CLANG_WARN_DEPRECATED_OBJC_IMPLEMENTATIONS = YES;
				CLANG_WARN_DIRECT_OBJC_ISA_USAGE = YES_ERROR;
				CLANG_WARN_DOCUMENTATION_COMMENTS = YES;
				CLANG_WARN_EMPTY_BODY = YES;
				CLANG_WARN_ENUM_CONVERSION = YES;
				CLANG_WARN_INFINITE_RECURSION = YES;
				CLANG_WARN_INT_CONVERSION = YES;
				CLANG_WARN_NON_LITERAL_NULL_CONVERSION = YES;
				CLANG_WARN_OBJC_IMPLICIT_RETAIN_SELF = YES;
				CLANG_WARN_OBJC_LITERAL_CONVERSION = YES;
				CLANG_WARN_OBJC_ROOT_CLASS = YES_ERROR;
				CLANG_WARN_QUOTED_INCLUDE_IN_FRAMEWORK_HEADER = YES;
				CLANG_WARN_RANGE_LOOP_ANALYSIS = YES;
				CLANG_WARN_STRICT_PROTOTYPES = YES;
				CLANG_WARN_SUSPICIOUS_MOVE = YES;
				CLANG_WARN_UNGUARDED_AVAILABILITY = YES_AGGRESSIVE;
				CLANG_WARN_UNREACHABLE_CODE = YES;
				CLANG_WARN__DUPLICATE_METHOD_MATCH = YES;
				COPY_PHASE_STRIP = NO;
				DEBUG_INFORMATION_FORMAT = "dwarf-with-dsym";
				ENABLE_NS_ASSERTIONS = NO;
				ENABLE_STRICT_OBJC_MSGSEND = YES;
				GCC_C_LANGUAGE_STANDARD = gnu11;
				GCC_NO_COMMON_BLOCKS = YES;
				GCC_WARN_64_TO_32_BIT_CONVERSION = YES;
				GCC_WARN_ABOUT_RETURN_TYPE = YES_ERROR;
				GCC_WARN_UNDECLARED_SELECTOR = YES;
				GCC_WARN_UNINITIALIZED_AUTOS = YES_AGGRESSIVE;
				GCC_WARN_UNUSED_FUNCTION = YES;
				GCC_WARN_UNUSED_VARIABLE = YES;
				MTL_ENABLE_DEBUG_INFO = NO;
				MTL_FAST_MATH = YES;
				SWIFT_COMPILATION_MODE = wholemodule;
				SWIFT_OPTIMIZATION_LEVEL = "-O";
			};
			name = Release;
		};
		C423628628C249AC00890576 /* Debug */ = {
			isa = XCBuildConfiguration;
			buildSettings = {
				ASSETCATALOG_COMPILER_APPICON_NAME = AppIcon;
				ASSETCATALOG_COMPILER_GLOBAL_ACCENT_COLOR_NAME = AccentColor;
				CODE_SIGN_STYLE = Automatic;
				CURRENT_PROJECT_VERSION = 1;
				DEVELOPMENT_TEAM = 88V5AMKH5K;
				ENABLE_PREVIEWS = YES;
				GENERATE_INFOPLIST_FILE = YES;
				INFOPLIST_KEY_UIApplicationSceneManifest_Generation = YES;
				INFOPLIST_KEY_UIApplicationSupportsIndirectInputEvents = YES;
				INFOPLIST_KEY_UILaunchScreen_Generation = YES;
				INFOPLIST_KEY_UISupportedInterfaceOrientations = UIInterfaceOrientationPortrait;
				INFOPLIST_KEY_UISupportedInterfaceOrientations_iPad = "UIInterfaceOrientationPortrait UIInterfaceOrientationPortraitUpsideDown UIInterfaceOrientationLandscapeLeft UIInterfaceOrientationLandscapeRight";
				INFOPLIST_KEY_UISupportedInterfaceOrientations_iPhone = "UIInterfaceOrientationPortrait UIInterfaceOrientationLandscapeLeft UIInterfaceOrientationLandscapeRight";
				IPHONEOS_DEPLOYMENT_TARGET = 15.5;
				LD_RUNPATH_SEARCH_PATHS = (
					"$(inherited)",
					"@executable_path/Frameworks",
				);
				MARKETING_VERSION = 1.0;
				PRODUCT_BUNDLE_IDENTIFIER = "com.b4sht4.MP-APP";
				PRODUCT_NAME = MP_APP;
				SDKROOT = iphoneos;
				SWIFT_EMIT_LOC_STRINGS = YES;
				SWIFT_VERSION = 5.0;
				TARGETED_DEVICE_FAMILY = "1,2";
			};
			name = Debug;
		};
		C423628728C249AC00890576 /* Release */ = {
			isa = XCBuildConfiguration;
			buildSettings = {
				ASSETCATALOG_COMPILER_APPICON_NAME = AppIcon;
				ASSETCATALOG_COMPILER_GLOBAL_ACCENT_COLOR_NAME = AccentColor;
				CODE_SIGN_STYLE = Automatic;
				CURRENT_PROJECT_VERSION = 1;
				DEVELOPMENT_TEAM = 88V5AMKH5K;
				ENABLE_PREVIEWS = YES;
				GENERATE_INFOPLIST_FILE = YES;
				INFOPLIST_KEY_UIApplicationSceneManifest_Generation = YES;
				INFOPLIST_KEY_UIApplicationSupportsIndirectInputEvents = YES;
				INFOPLIST_KEY_UILaunchScreen_Generation = YES;
				INFOPLIST_KEY_UISupportedInterfaceOrientations = UIInterfaceOrientationPortrait;
				INFOPLIST_KEY_UISupportedInterfaceOrientations_iPad = "UIInterfaceOrientationPortrait UIInterfaceOrientationPortraitUpsideDown UIInterfaceOrientationLandscapeLeft UIInterfaceOrientationLandscapeRight";
				INFOPLIST_KEY_UISupportedInterfaceOrientations_iPhone = "UIInterfaceOrientationPortrait UIInterfaceOrientationLandscapeLeft UIInterfaceOrientationLandscapeRight";
				IPHONEOS_DEPLOYMENT_TARGET = 15.5;
				LD_RUNPATH_SEARCH_PATHS = (
					"$(inherited)",
					"@executable_path/Frameworks",
				);
				MARKETING_VERSION = 1.0;
				PRODUCT_BUNDLE_IDENTIFIER = "com.b4sht4.MP-APP";
				PRODUCT_NAME = MP_APP;
				SDKROOT = iphoneos;
				SWIFT_EMIT_LOC_STRINGS = YES;
				SWIFT_VERSION = 5.0;
				TARGETED_DEVICE_FAMILY = "1,2";
				VALIDATE_PRODUCT = YES;
			};
			name = Release;
		};
		C423628928C249AC00890576 /* Debug */ = {
			isa = XCBuildConfiguration;
			buildSettings = {
				ASSETCATALOG_COMPILER_APPICON_NAME = AppIcon;
				ASSETCATALOG_COMPILER_GLOBAL_ACCENT_COLOR_NAME = AccentColor;
				CODE_SIGN_ENTITLEMENTS = macOS/macOS.entitlements;
				CODE_SIGN_STYLE = Automatic;
				COMBINE_HIDPI_IMAGES = YES;
				CURRENT_PROJECT_VERSION = 1;
				DEVELOPMENT_TEAM = 88V5AMKH5K;
				ENABLE_HARDENED_RUNTIME = YES;
				ENABLE_PREVIEWS = YES;
				GENERATE_INFOPLIST_FILE = YES;
				INFOPLIST_KEY_NSHumanReadableCopyright = "";
				LD_RUNPATH_SEARCH_PATHS = (
					"$(inherited)",
					"@executable_path/../Frameworks",
				);
				MACOSX_DEPLOYMENT_TARGET = 12.3;
				MARKETING_VERSION = 1.0;
				PRODUCT_BUNDLE_IDENTIFIER = "com.b4sht4.MP-APP";
				PRODUCT_NAME = MP_APP;
				SDKROOT = macosx;
				SWIFT_EMIT_LOC_STRINGS = YES;
				SWIFT_VERSION = 5.0;
			};
			name = Debug;
		};
		C423628A28C249AC00890576 /* Release */ = {
			isa = XCBuildConfiguration;
			buildSettings = {
				ASSETCATALOG_COMPILER_APPICON_NAME = AppIcon;
				ASSETCATALOG_COMPILER_GLOBAL_ACCENT_COLOR_NAME = AccentColor;
				CODE_SIGN_ENTITLEMENTS = macOS/macOS.entitlements;
				CODE_SIGN_STYLE = Automatic;
				COMBINE_HIDPI_IMAGES = YES;
				CURRENT_PROJECT_VERSION = 1;
				DEVELOPMENT_TEAM = 88V5AMKH5K;
				ENABLE_HARDENED_RUNTIME = YES;
				ENABLE_PREVIEWS = YES;
				GENERATE_INFOPLIST_FILE = YES;
				INFOPLIST_KEY_NSHumanReadableCopyright = "";
				LD_RUNPATH_SEARCH_PATHS = (
					"$(inherited)",
					"@executable_path/../Frameworks",
				);
				MACOSX_DEPLOYMENT_TARGET = 12.3;
				MARKETING_VERSION = 1.0;
				PRODUCT_BUNDLE_IDENTIFIER = "com.b4sht4.MP-APP";
				PRODUCT_NAME = MP_APP;
				SDKROOT = macosx;
				SWIFT_EMIT_LOC_STRINGS = YES;
				SWIFT_VERSION = 5.0;
			};
			name = Release;
		};
		C423628C28C249AC00890576 /* Debug */ = {
			isa = XCBuildConfiguration;
			buildSettings = {
				ALWAYS_EMBED_SWIFT_STANDARD_LIBRARIES = YES;
				CODE_SIGN_STYLE = Automatic;
				CURRENT_PROJECT_VERSION = 1;
				DEVELOPMENT_TEAM = 88V5AMKH5K;
				GENERATE_INFOPLIST_FILE = YES;
				IPHONEOS_DEPLOYMENT_TARGET = 15.5;
				MARKETING_VERSION = 1.0;
				PRODUCT_BUNDLE_IDENTIFIER = "com.b4sht4.Tests-iOS";
				PRODUCT_NAME = "$(TARGET_NAME)";
				SDKROOT = iphoneos;
				SWIFT_EMIT_LOC_STRINGS = NO;
				SWIFT_VERSION = 5.0;
				TARGETED_DEVICE_FAMILY = "1,2";
				TEST_TARGET_NAME = "MP_APP (iOS)";
			};
			name = Debug;
		};
		C423628D28C249AC00890576 /* Release */ = {
			isa = XCBuildConfiguration;
			buildSettings = {
				ALWAYS_EMBED_SWIFT_STANDARD_LIBRARIES = YES;
				CODE_SIGN_STYLE = Automatic;
				CURRENT_PROJECT_VERSION = 1;
				DEVELOPMENT_TEAM = 88V5AMKH5K;
				GENERATE_INFOPLIST_FILE = YES;
				IPHONEOS_DEPLOYMENT_TARGET = 15.5;
				MARKETING_VERSION = 1.0;
				PRODUCT_BUNDLE_IDENTIFIER = "com.b4sht4.Tests-iOS";
				PRODUCT_NAME = "$(TARGET_NAME)";
				SDKROOT = iphoneos;
				SWIFT_EMIT_LOC_STRINGS = NO;
				SWIFT_VERSION = 5.0;
				TARGETED_DEVICE_FAMILY = "1,2";
				TEST_TARGET_NAME = "MP_APP (iOS)";
				VALIDATE_PRODUCT = YES;
			};
			name = Release;
		};
		C423628F28C249AC00890576 /* Debug */ = {
			isa = XCBuildConfiguration;
			buildSettings = {
				ALWAYS_EMBED_SWIFT_STANDARD_LIBRARIES = YES;
				CODE_SIGN_STYLE = Automatic;
				CURRENT_PROJECT_VERSION = 1;
				DEVELOPMENT_TEAM = 88V5AMKH5K;
				GENERATE_INFOPLIST_FILE = YES;
				MACOSX_DEPLOYMENT_TARGET = 12.3;
				MARKETING_VERSION = 1.0;
				PRODUCT_BUNDLE_IDENTIFIER = "com.b4sht4.Tests-macOS";
				PRODUCT_NAME = "$(TARGET_NAME)";
				SDKROOT = macosx;
				SWIFT_EMIT_LOC_STRINGS = NO;
				SWIFT_VERSION = 5.0;
				TEST_TARGET_NAME = "MP_APP (macOS)";
			};
			name = Debug;
		};
		C423629028C249AC00890576 /* Release */ = {
			isa = XCBuildConfiguration;
			buildSettings = {
				ALWAYS_EMBED_SWIFT_STANDARD_LIBRARIES = YES;
				CODE_SIGN_STYLE = Automatic;
				CURRENT_PROJECT_VERSION = 1;
				DEVELOPMENT_TEAM = 88V5AMKH5K;
				GENERATE_INFOPLIST_FILE = YES;
				MACOSX_DEPLOYMENT_TARGET = 12.3;
				MARKETING_VERSION = 1.0;
				PRODUCT_BUNDLE_IDENTIFIER = "com.b4sht4.Tests-macOS";
				PRODUCT_NAME = "$(TARGET_NAME)";
				SDKROOT = macosx;
				SWIFT_EMIT_LOC_STRINGS = NO;
				SWIFT_VERSION = 5.0;
				TEST_TARGET_NAME = "MP_APP (macOS)";
			};
			name = Release;
		};
/* End XCBuildConfiguration section */

/* Begin XCConfigurationList section */
		C423625328C249A300890576 /* Build configuration list for PBXProject "MP_APP" */ = {
			isa = XCConfigurationList;
			buildConfigurations = (
				C423628328C249AC00890576 /* Debug */,
				C423628428C249AC00890576 /* Release */,
			);
			defaultConfigurationIsVisible = 0;
			defaultConfigurationName = Release;
		};
		C423628528C249AC00890576 /* Build configuration list for PBXNativeTarget "MP_APP (iOS)" */ = {
			isa = XCConfigurationList;
			buildConfigurations = (
				C423628628C249AC00890576 /* Debug */,
				C423628728C249AC00890576 /* Release */,
			);
			defaultConfigurationIsVisible = 0;
			defaultConfigurationName = Release;
		};
		C423628828C249AC00890576 /* Build configuration list for PBXNativeTarget "MP_APP (macOS)" */ = {
			isa = XCConfigurationList;
			buildConfigurations = (
				C423628928C249AC00890576 /* Debug */,
				C423628A28C249AC00890576 /* Release */,
			);
			defaultConfigurationIsVisible = 0;
			defaultConfigurationName = Release;
		};
		C423628B28C249AC00890576 /* Build configuration list for PBXNativeTarget "Tests iOS" */ = {
			isa = XCConfigurationList;
			buildConfigurations = (
				C423628C28C249AC00890576 /* Debug */,
				C423628D28C249AC00890576 /* Release */,
			);
			defaultConfigurationIsVisible = 0;
			defaultConfigurationName = Release;
		};
		C423628E28C249AC00890576 /* Build configuration list for PBXNativeTarget "Tests macOS" */ = {
			isa = XCConfigurationList;
			buildConfigurations = (
				C423628F28C249AC00890576 /* Debug */,
				C423629028C249AC00890576 /* Release */,
			);
			defaultConfigurationIsVisible = 0;
			defaultConfigurationName = Release;
		};
/* End XCConfigurationList section */
	};
	rootObject = C423625028C249A300890576 /* Project object */;
}
